
Microsoft Visual Studio Solution File, Format Version 12.00
# Visual Studio Version 17
VisualStudioVersion = 17.5.33516.290
MinimumVisualStudioVersion = 10.0.40219.1
Project("{9A19103F-16F7-4668-BE54-9A1E7A4F7556}") = "GymMasters", "GymMasters\GymMasters.csproj", "{D0317766-EF19-4F71-AD9C-67630CE1FCE9}"
EndProject
Project("{9A19103F-16F7-4668-BE54-9A1E7A4F7556}") = "GymMasterPro", "GymMasterPro\GymMasterPro.csproj", "{4DB193F3-C9D6-49D2-B3B2-4BAD516A89CA}"
EndProject
Project("{9A19103F-16F7-4668-BE54-9A1E7A4F7556}") = "Entities", "Entities\Entities.csproj", "{0F40480F-E190-4796-8404-7DD9CE0F0BEB}"
EndProject
Project("{FAE04EC0-301F-11D3-BF4B-00C04F79EFBC}") = "Repository", "Repository\Repository.csproj", "{A16D1AA2-32FC-4A73-8961-BAC78DB5DC82}"
EndProject
Project("{FAE04EC0-301F-11D3-BF4B-00C04F79EFBC}") = "Data", "Data\Data.csproj", "{51C41DE2-5F51-4BB6-8BBB-DEBCE9F0BB1A}"
EndProject
Project("{FAE04EC0-301F-11D3-BF4B-00C04F79EFBC}") = "Services", "Services\Services.csproj", "{CF5604EF-D42B-44DF-8CBD-6E4B6B7778CC}"
EndProject
Global
	GlobalSection(SolutionConfigurationPlatforms) = preSolution
		Debug|Any CPU = Debug|Any CPU
		Release|Any CPU = Release|Any CPU
	EndGlobalSection
	GlobalSection(ProjectConfigurationPlatforms) = postSolution
		{D0317766-EF19-4F71-AD9C-67630CE1FCE9}.Debug|Any CPU.ActiveCfg = Debug|Any CPU
		{D0317766-EF19-4F71-AD9C-67630CE1FCE9}.Debug|Any CPU.Build.0 = Debug|Any CPU
		{D0317766-EF19-4F71-AD9C-67630CE1FCE9}.Release|Any CPU.ActiveCfg = Release|Any CPU
		{D0317766-EF19-4F71-AD9C-67630CE1FCE9}.Release|Any CPU.Build.0 = Release|Any CPU
		{4DB193F3-C9D6-49D2-B3B2-4BAD516A89CA}.Debug|Any CPU.ActiveCfg = Debug|Any CPU
		{4DB193F3-C9D6-49D2-B3B2-4BAD516A89CA}.Debug|Any CPU.Build.0 = Debug|Any CPU
		{4DB193F3-C9D6-49D2-B3B2-4BAD516A89CA}.Release|Any CPU.ActiveCfg = Release|Any CPU
		{4DB193F3-C9D6-49D2-B3B2-4BAD516A89CA}.Release|Any CPU.Build.0 = Release|Any CPU
		{0F40480F-E190-4796-8404-7DD9CE0F0BEB}.Debug|Any CPU.ActiveCfg = Debug|Any CPU
		{0F40480F-E190-4796-8404-7DD9CE0F0BEB}.Debug|Any CPU.Build.0 = Debug|Any CPU
		{0F40480F-E190-4796-8404-7DD9CE0F0BEB}.Release|Any CPU.ActiveCfg = Release|Any CPU
		{0F40480F-E190-4796-8404-7DD9CE0F0BEB}.Release|Any CPU.Build.0 = Release|Any CPU
		{A16D1AA2-32FC-4A73-8961-BAC78DB5DC82}.Debug|Any CPU.ActiveCfg = Debug|Any CPU
		{A16D1AA2-32FC-4A73-8961-BAC78DB5DC82}.Debug|Any CPU.Build.0 = Debug|Any CPU
		{A16D1AA2-32FC-4A73-8961-BAC78DB5DC82}.Release|Any CPU.ActiveCfg = Release|Any CPU
		{A16D1AA2-32FC-4A73-8961-BAC78DB5DC82}.Release|Any CPU.Build.0 = Release|Any CPU
		{51C41DE2-5F51-4BB6-8BBB-DEBCE9F0BB1A}.Debug|Any CPU.ActiveCfg = Debug|Any CPU
		{51C41DE2-5F51-4BB6-8BBB-DEBCE9F0BB1A}.Debug|Any CPU.Build.0 = Debug|Any CPU
		{51C41DE2-5F51-4BB6-8BBB-DEBCE9F0BB1A}.Release|Any CPU.ActiveCfg = Release|Any CPU
		{51C41DE2-5F51-4BB6-8BBB-DEBCE9F0BB1A}.Release|Any CPU.Build.0 = Release|Any CPU
		{CF5604EF-D42B-44DF-8CBD-6E4B6B7778CC}.Debug|Any CPU.ActiveCfg = Debug|Any CPU
		{CF5604EF-D42B-44DF-8CBD-6E4B6B7778CC}.Debug|Any CPU.Build.0 = Debug|Any CPU
		{CF5604EF-D42B-44DF-8CBD-6E4B6B7778CC}.Release|Any CPU.ActiveCfg = Release|Any CPU
		{CF5604EF-D42B-44DF-8CBD-6E4B6B7778CC}.Release|Any CPU.Build.0 = Release|Any CPU
	EndGlobalSection
	GlobalSection(SolutionProperties) = preSolution
		HideSolutionNode = FALSE
	EndGlobalSection
	GlobalSection(ExtensibilityGlobals) = postSolution
		SolutionGuid = {8677BFE9-F8B2-4E08-AE0A-916CBFF22797}
	EndGlobalSection
EndGlobal
